
Microsoft Visual Studio Solution File, Format Version 10.00
# Visual Studio 2008
Project("{FAE04EC0-301F-11D3-BF4B-00C04F79EFBC}") = "Aventura RPG", "Aventura RPG\Aventura RPG.csproj", "{986ADF71-DF1A-483A-AC5D-991DB5B05B31}"
EndProject
Project("{FAE04EC0-301F-11D3-BF4B-00C04F79EFBC}") = "Motor", "Motor\Motor.csproj", "{373890BE-DF63-4D46-9453-A519408C2901}"
EndProject
Global
	GlobalSection(SolutionConfigurationPlatforms) = preSolution
		Debug|Any CPU = Debug|Any CPU
		Release|Any CPU = Release|Any CPU
	EndGlobalSection
	GlobalSection(ProjectConfigurationPlatforms) = postSolution
		{986ADF71-DF1A-483A-AC5D-991DB5B05B31}.Debug|Any CPU.ActiveCfg = Debug|Any CPU
		{986ADF71-DF1A-483A-AC5D-991DB5B05B31}.Debug|Any CPU.Build.0 = Debug|Any CPU
		{986ADF71-DF1A-483A-AC5D-991DB5B05B31}.Release|Any CPU.ActiveCfg = Release|Any CPU
		{986ADF71-DF1A-483A-AC5D-991DB5B05B31}.Release|Any CPU.Build.0 = Release|Any CPU
		{373890BE-DF63-4D46-9453-A519408C2901}.Debug|Any CPU.ActiveCfg = Debug|Any CPU
		{373890BE-DF63-4D46-9453-A519408C2901}.Debug|Any CPU.Build.0 = Debug|Any CPU
		{373890BE-DF63-4D46-9453-A519408C2901}.Release|Any CPU.ActiveCfg = Release|Any CPU
		{373890BE-DF63-4D46-9453-A519408C2901}.Release|Any CPU.Build.0 = Release|Any CPU
	EndGlobalSection
	GlobalSection(SolutionProperties) = preSolution
		HideSolutionNode = FALSE
	EndGlobalSection
EndGlobal
